
Microsoft Visual Studio Solution File, Format Version 12.00
# Visual Studio 15
Project("{FAE04EC0-301F-11D3-BF4B-00C04F79EFBC}") = "Assembly-CSharp", "Assembly-CSharp.csproj", "{8AE7F08B-932C-A4BF-CCB1-FD7B345A8F68}"
EndProject
Project("{FAE04EC0-301F-11D3-BF4B-00C04F79EFBC}") = "Assembly-CSharp-Editor", "Assembly-CSharp-Editor.csproj", "{6D14C6D0-05D3-4387-CF81-D459D7929F14}"
EndProject
Global
	GlobalSection(SolutionConfigurationPlatforms) = preSolution
		Debug|Any CPU = Debug|Any CPU
		Release|Any CPU = Release|Any CPU
	EndGlobalSection
	GlobalSection(ProjectConfigurationPlatforms) = postSolution
		{8AE7F08B-932C-A4BF-CCB1-FD7B345A8F68}.Debug|Any CPU.ActiveCfg = Debug|Any CPU
		{8AE7F08B-932C-A4BF-CCB1-FD7B345A8F68}.Debug|Any CPU.Build.0 = Debug|Any CPU
		{8AE7F08B-932C-A4BF-CCB1-FD7B345A8F68}.Release|Any CPU.ActiveCfg = Release|Any CPU
		{8AE7F08B-932C-A4BF-CCB1-FD7B345A8F68}.Release|Any CPU.Build.0 = Release|Any CPU
		{6D14C6D0-05D3-4387-CF81-D459D7929F14}.Debug|Any CPU.ActiveCfg = Debug|Any CPU
		{6D14C6D0-05D3-4387-CF81-D459D7929F14}.Debug|Any CPU.Build.0 = Debug|Any CPU
		{6D14C6D0-05D3-4387-CF81-D459D7929F14}.Release|Any CPU.ActiveCfg = Release|Any CPU
		{6D14C6D0-05D3-4387-CF81-D459D7929F14}.Release|Any CPU.Build.0 = Release|Any CPU
	EndGlobalSection
	GlobalSection(SolutionProperties) = preSolution
		HideSolutionNode = FALSE
	EndGlobalSection
EndGlobal
